<?xml version="1.0" encoding="utf-8"?>
<Project ToolsVersion="4.0" xmlns="http://schemas.microsoft.com/developer/msbuild/2003">
  <ItemGroup>
    <Filter Include="base">
      <UniqueIdentifier>{b1f110d4-fb1c-432c-9925-5fe9d8b49396}</UniqueIdentifier>
    </Filter>
  </ItemGroup>
  <ItemGroup>
    <ClInclude Include="base\Slice.h">
      <Filter>base</Filter>
    </ClInclude>
  </ItemGroup>
</Project>